{
  "name": "chords-utils",
  "version": "1.0.0",
  "lockfileVersion": 3,
  "requires": true,
  "packages": {
    "": {
      "name": "chords-utils",
      "version": "1.0.0",
      "license": "ISC",
      "dependencies": {
        "chord-symbol": "4.0.0"
      }
    },
    "node_modules/chord-symbol": {
      "version": "4.0.0",
      "resolved": "https://registry.npmjs.org/chord-symbol/-/chord-symbol-4.0.0.tgz",
      "integrity": "sha512-GeECWgVsAAC85G1qpvZo9eLkhfN/9cfX1gD7IXiYFary+JvMIhef3w/Wrm9O6tmjdP5nNeIb3pKDYuA1z25SLg==",
      "dependencies": {
        "lodash": "^4.17.21"
      }
    },
    "node_modules/lodash": {
      "version": "4.17.21",
      "resolved": "https://registry.npmjs.org/lodash/-/lodash-4.17.21.tgz",
      "integrity": "sha512-v2kDEe57lecTulaDIuNTPy3Ry4gLGJ6Z1O3vE1krgXZNrsQ+LFTGHVxVjcXPs17LhbZVGedAJv8XZ1tvj5FvSg=="
    }
  }
}
